
Microsoft Visual Studio Solution File, Format Version 12.00
# Visual Studio 2012
Project("{FAE04EC0-301F-11D3-BF4B-00C04F79EFBC}") = "Algorithms", "Algorithms\Algorithms.csproj", "{F471081F-9B07-44ED-A16D-A7D6AD6E1A45}"
EndProject
Project("{FAE04EC0-301F-11D3-BF4B-00C04F79EFBC}") = "TestAlgorithms", "Tests\TestAlgorithms\TestAlgorithms.csproj", "{3686B5EB-4A52-44BF-ADE5-395EA6F936DD}"
EndProject
Global
	GlobalSection(SolutionConfigurationPlatforms) = preSolution
		Debug|Any CPU = Debug|Any CPU
		Debug|Mixed Platforms = Debug|Mixed Platforms
		Debug|x86 = Debug|x86
		Release|Any CPU = Release|Any CPU
		Release|Mixed Platforms = Release|Mixed Platforms
		Release|x86 = Release|x86
	EndGlobalSection
	GlobalSection(ProjectConfigurationPlatforms) = postSolution
		{F471081F-9B07-44ED-A16D-A7D6AD6E1A45}.Debug|Any CPU.ActiveCfg = Debug|x86
		{F471081F-9B07-44ED-A16D-A7D6AD6E1A45}.Debug|Mixed Platforms.ActiveCfg = Debug|x86
		{F471081F-9B07-44ED-A16D-A7D6AD6E1A45}.Debug|Mixed Platforms.Build.0 = Debug|x86
		{F471081F-9B07-44ED-A16D-A7D6AD6E1A45}.Debug|x86.ActiveCfg = Debug|x86
		{F471081F-9B07-44ED-A16D-A7D6AD6E1A45}.Debug|x86.Build.0 = Debug|x86
		{F471081F-9B07-44ED-A16D-A7D6AD6E1A45}.Release|Any CPU.ActiveCfg = Release|x86
		{F471081F-9B07-44ED-A16D-A7D6AD6E1A45}.Release|Mixed Platforms.ActiveCfg = Release|x86
		{F471081F-9B07-44ED-A16D-A7D6AD6E1A45}.Release|Mixed Platforms.Build.0 = Release|x86
		{F471081F-9B07-44ED-A16D-A7D6AD6E1A45}.Release|x86.ActiveCfg = Release|x86
		{F471081F-9B07-44ED-A16D-A7D6AD6E1A45}.Release|x86.Build.0 = Release|x86
		{3686B5EB-4A52-44BF-ADE5-395EA6F936DD}.Debug|Any CPU.ActiveCfg = Debug|Any CPU
		{3686B5EB-4A52-44BF-ADE5-395EA6F936DD}.Debug|Any CPU.Build.0 = Debug|Any CPU
		{3686B5EB-4A52-44BF-ADE5-395EA6F936DD}.Debug|Mixed Platforms.ActiveCfg = Debug|Any CPU
		{3686B5EB-4A52-44BF-ADE5-395EA6F936DD}.Debug|Mixed Platforms.Build.0 = Debug|Any CPU
		{3686B5EB-4A52-44BF-ADE5-395EA6F936DD}.Debug|x86.ActiveCfg = Debug|Any CPU
		{3686B5EB-4A52-44BF-ADE5-395EA6F936DD}.Release|Any CPU.ActiveCfg = Release|Any CPU
		{3686B5EB-4A52-44BF-ADE5-395EA6F936DD}.Release|Any CPU.Build.0 = Release|Any CPU
		{3686B5EB-4A52-44BF-ADE5-395EA6F936DD}.Release|Mixed Platforms.ActiveCfg = Release|Any CPU
		{3686B5EB-4A52-44BF-ADE5-395EA6F936DD}.Release|Mixed Platforms.Build.0 = Release|Any CPU
		{3686B5EB-4A52-44BF-ADE5-395EA6F936DD}.Release|x86.ActiveCfg = Release|Any CPU
	EndGlobalSection
	GlobalSection(SolutionProperties) = preSolution
		HideSolutionNode = FALSE
	EndGlobalSection
EndGlobal
